
Microsoft Visual Studio Solution File, Format Version 12.00
# Visual Studio 15
VisualStudioVersion = 15.0.27130.2026
MinimumVisualStudioVersion = 10.0.40219.1
Project("{FAE04EC0-301F-11D3-BF4B-00C04F79EFBC}") = "ProductMicroService", "ProductMicroService\ProductMicroService.csproj", "{2E15F9D5-C329-4665-93C1-FDFC630D9C4E}"
EndProject
Project("{E53339B2-1760-4266-BCC7-CA923CBCF16C}") = "docker-compose", "docker-compose.dcproj", "{0DD54F8B-477A-4BB9-8C9C-A7E84CCF46A9}"
EndProject
Global
	GlobalSection(SolutionConfigurationPlatforms) = preSolution
		Debug|Any CPU = Debug|Any CPU
		Release|Any CPU = Release|Any CPU
	EndGlobalSection
	GlobalSection(ProjectConfigurationPlatforms) = postSolution
		{2E15F9D5-C329-4665-93C1-FDFC630D9C4E}.Debug|Any CPU.ActiveCfg = Debug|Any CPU
		{2E15F9D5-C329-4665-93C1-FDFC630D9C4E}.Debug|Any CPU.Build.0 = Debug|Any CPU
		{2E15F9D5-C329-4665-93C1-FDFC630D9C4E}.Release|Any CPU.ActiveCfg = Release|Any CPU
		{2E15F9D5-C329-4665-93C1-FDFC630D9C4E}.Release|Any CPU.Build.0 = Release|Any CPU
		{0DD54F8B-477A-4BB9-8C9C-A7E84CCF46A9}.Debug|Any CPU.ActiveCfg = Debug|Any CPU
		{0DD54F8B-477A-4BB9-8C9C-A7E84CCF46A9}.Debug|Any CPU.Build.0 = Debug|Any CPU
		{0DD54F8B-477A-4BB9-8C9C-A7E84CCF46A9}.Release|Any CPU.ActiveCfg = Release|Any CPU
		{0DD54F8B-477A-4BB9-8C9C-A7E84CCF46A9}.Release|Any CPU.Build.0 = Release|Any CPU
	EndGlobalSection
	GlobalSection(SolutionProperties) = preSolution
		HideSolutionNode = FALSE
	EndGlobalSection
	GlobalSection(ExtensibilityGlobals) = postSolution
		SolutionGuid = {99543A92-157B-4D33-BB70-9B144D5B1C5C}
	EndGlobalSection
EndGlobal
